
Microsoft Visual Studio Solution File, Format Version 12.00
# Visual Studio Version 17
VisualStudioVersion = 17.2.32616.157
MinimumVisualStudioVersion = 10.0.40219.1
Project("{FAE04EC0-301F-11D3-BF4B-00C04F79EFBC}") = "ATM", "ATM\ATM.csproj", "{771CD90D-D6D4-4178-A135-C9DD9C44B501}"
EndProject
Global
	GlobalSection(SolutionConfigurationPlatforms) = preSolution
		Debug|Any CPU = Debug|Any CPU
		Release|Any CPU = Release|Any CPU
	EndGlobalSection
	GlobalSection(ProjectConfigurationPlatforms) = postSolution
		{771CD90D-D6D4-4178-A135-C9DD9C44B501}.Debug|Any CPU.ActiveCfg = Debug|Any CPU
		{771CD90D-D6D4-4178-A135-C9DD9C44B501}.Debug|Any CPU.Build.0 = Debug|Any CPU
		{771CD90D-D6D4-4178-A135-C9DD9C44B501}.Release|Any CPU.ActiveCfg = Release|Any CPU
		{771CD90D-D6D4-4178-A135-C9DD9C44B501}.Release|Any CPU.Build.0 = Release|Any CPU
	EndGlobalSection
	GlobalSection(SolutionProperties) = preSolution
		HideSolutionNode = FALSE
	EndGlobalSection
	GlobalSection(ExtensibilityGlobals) = postSolution
		SolutionGuid = {512D2B5E-42CB-413D-9CFF-0D9D3D94B7BD}
	EndGlobalSection
EndGlobal
